
Microsoft Visual Studio Solution File, Format Version 12.00
# Visual Studio Version 16
VisualStudioVersion = 16.0.30114.105
MinimumVisualStudioVersion = 10.0.40219.1
Project("{FAE04EC0-301F-11D3-BF4B-00C04F79EFBC}") = "WebSite", "WebSite\WebSite.csproj", "{2428852D-2EBE-41A0-B5AE-C498C13AA588}"
EndProject
Project("{FAE04EC0-301F-11D3-BF4B-00C04F79EFBC}") = "ProcessandDownloadPOC", "Function\ProcessandDownloadPOC.csproj", "{73842DED-21C6-466B-B95F-98C17B0E4F66}"
EndProject
Global
	GlobalSection(SolutionConfigurationPlatforms) = preSolution
		Debug|Any CPU = Debug|Any CPU
		Release|Any CPU = Release|Any CPU
	EndGlobalSection
	GlobalSection(SolutionProperties) = preSolution
		HideSolutionNode = FALSE
	EndGlobalSection
	GlobalSection(ProjectConfigurationPlatforms) = postSolution
		{2428852D-2EBE-41A0-B5AE-C498C13AA588}.Debug|Any CPU.ActiveCfg = Debug|Any CPU
		{2428852D-2EBE-41A0-B5AE-C498C13AA588}.Debug|Any CPU.Build.0 = Debug|Any CPU
		{2428852D-2EBE-41A0-B5AE-C498C13AA588}.Release|Any CPU.ActiveCfg = Release|Any CPU
		{2428852D-2EBE-41A0-B5AE-C498C13AA588}.Release|Any CPU.Build.0 = Release|Any CPU
		{73842DED-21C6-466B-B95F-98C17B0E4F66}.Debug|Any CPU.ActiveCfg = Debug|Any CPU
		{73842DED-21C6-466B-B95F-98C17B0E4F66}.Debug|Any CPU.Build.0 = Debug|Any CPU
		{73842DED-21C6-466B-B95F-98C17B0E4F66}.Release|Any CPU.ActiveCfg = Release|Any CPU
		{73842DED-21C6-466B-B95F-98C17B0E4F66}.Release|Any CPU.Build.0 = Release|Any CPU
	EndGlobalSection
EndGlobal
